
Microsoft Visual Studio Solution File, Format Version 12.00
# Visual Studio Version 16
VisualStudioVersion = 16.0.31515.178
MinimumVisualStudioVersion = 10.0.40219.1
Project("{FAE04EC0-301F-11D3-BF4B-00C04F79EFBC}") = "AthletesRestAPI", "AthletesAPI\AthletesRestAPI.csproj", "{866AA35D-6FC0-4133-A356-BB077DA762E7}"
EndProject
Global
	GlobalSection(SolutionConfigurationPlatforms) = preSolution
		Debug|Any CPU = Debug|Any CPU
		Release|Any CPU = Release|Any CPU
	EndGlobalSection
	GlobalSection(ProjectConfigurationPlatforms) = postSolution
		{866AA35D-6FC0-4133-A356-BB077DA762E7}.Debug|Any CPU.ActiveCfg = Debug|Any CPU
		{866AA35D-6FC0-4133-A356-BB077DA762E7}.Debug|Any CPU.Build.0 = Debug|Any CPU
		{866AA35D-6FC0-4133-A356-BB077DA762E7}.Release|Any CPU.ActiveCfg = Release|Any CPU
		{866AA35D-6FC0-4133-A356-BB077DA762E7}.Release|Any CPU.Build.0 = Release|Any CPU
	EndGlobalSection
	GlobalSection(SolutionProperties) = preSolution
		HideSolutionNode = FALSE
	EndGlobalSection
	GlobalSection(ExtensibilityGlobals) = postSolution
		SolutionGuid = {AF42476B-387F-4890-AC49-8573689571C5}
	EndGlobalSection
EndGlobal
